
Microsoft Visual Studio Solution File, Format Version 12.00
# Visual Studio Version 17
VisualStudioVersion = 17.4.33110.190
MinimumVisualStudioVersion = 10.0.40219.1
Project("{8BC9CEB8-8B4A-11D0-8D11-00A0C91BC942}") = "testdome_pipeline", "testdome_pipeline\testdome_pipeline.vcxproj", "{547D3EE9-F1A8-4160-A172-12F1972DF983}"
EndProject
Project("{8BC9CEB8-8B4A-11D0-8D11-00A0C91BC942}") = "testdome_sorted_search", "testdome_sorted_search\testdome_sorted_search.vcxproj", "{1836F603-C8E7-40E2-8D60-65C41896F7B4}"
EndProject
Project("{8BC9CEB8-8B4A-11D0-8D11-00A0C91BC942}") = "testdome_merge_names", "testdome_merge_names\testdome_merge_names.vcxproj", "{7EF46CB7-D40F-4D0C-93F5-B79CB6526A6F}"
EndProject
Project("{8BC9CEB8-8B4A-11D0-8D11-00A0C91BC942}") = "testdome_song", "testdome_song\testdome_song.vcxproj", "{0177D703-3806-4DA7-AA5B-57F43988DF85}"
EndProject
Project("{8BC9CEB8-8B4A-11D0-8D11-00A0C91BC942}") = "testdome_multiple_choice_test", "testdome_multiple_choice_test\testdome_multiple_choice_test.vcxproj", "{B2260116-FB61-4169-B7F7-F9FE4C43E6F2}"
EndProject
Project("{8BC9CEB8-8B4A-11D0-8D11-00A0C91BC942}") = "testdome_user_input", "testdome_user_input\testdome_user_input.vcxproj", "{2AE1608C-0A46-4E5C-BDBB-3A171529958C}"
EndProject
Project("{8BC9CEB8-8B4A-11D0-8D11-00A0C91BC942}") = "testdome_route_planner", "testdome_route_planner\testdome_route_planner.vcxproj", "{10F0E763-4242-4818-A2AA-D14B150770A3}"
EndProject
Project("{8BC9CEB8-8B4A-11D0-8D11-00A0C91BC942}") = "testdome_train_composition", "testdome_train_composition\testdome_train_composition.vcxproj", "{183ACBF9-1FD6-4C03-87CF-8556A30D6C22}"
EndProject
Project("{8BC9CEB8-8B4A-11D0-8D11-00A0C91BC942}") = "00_sandbox", "00_sandbox\00_sandbox.vcxproj", "{E5DFC778-E657-4469-8230-4644627A26C7}"
EndProject
Project("{8BC9CEB8-8B4A-11D0-8D11-00A0C91BC942}") = "testdome_binary_search_tree", "testdome_binary_search_tree\testdome_binary_search_tree.vcxproj", "{AC294C62-440E-463B-A5B7-3846CF0BB54E}"
EndProject
Global
	GlobalSection(SolutionConfigurationPlatforms) = preSolution
		Debug|x64 = Debug|x64
		Debug|x86 = Debug|x86
		Release|x64 = Release|x64
		Release|x86 = Release|x86
	EndGlobalSection
	GlobalSection(ProjectConfigurationPlatforms) = postSolution
		{547D3EE9-F1A8-4160-A172-12F1972DF983}.Debug|x64.ActiveCfg = Debug|x64
		{547D3EE9-F1A8-4160-A172-12F1972DF983}.Debug|x64.Build.0 = Debug|x64
		{547D3EE9-F1A8-4160-A172-12F1972DF983}.Debug|x86.ActiveCfg = Debug|Win32
		{547D3EE9-F1A8-4160-A172-12F1972DF983}.Debug|x86.Build.0 = Debug|Win32
		{547D3EE9-F1A8-4160-A172-12F1972DF983}.Release|x64.ActiveCfg = Release|x64
		{547D3EE9-F1A8-4160-A172-12F1972DF983}.Release|x64.Build.0 = Release|x64
		{547D3EE9-F1A8-4160-A172-12F1972DF983}.Release|x86.ActiveCfg = Release|Win32
		{547D3EE9-F1A8-4160-A172-12F1972DF983}.Release|x86.Build.0 = Release|Win32
		{1836F603-C8E7-40E2-8D60-65C41896F7B4}.Debug|x64.ActiveCfg = Debug|x64
		{1836F603-C8E7-40E2-8D60-65C41896F7B4}.Debug|x64.Build.0 = Debug|x64
		{1836F603-C8E7-40E2-8D60-65C41896F7B4}.Debug|x86.ActiveCfg = Debug|Win32
		{1836F603-C8E7-40E2-8D60-65C41896F7B4}.Debug|x86.Build.0 = Debug|Win32
		{1836F603-C8E7-40E2-8D60-65C41896F7B4}.Release|x64.ActiveCfg = Release|x64
		{1836F603-C8E7-40E2-8D60-65C41896F7B4}.Release|x64.Build.0 = Release|x64
		{1836F603-C8E7-40E2-8D60-65C41896F7B4}.Release|x86.ActiveCfg = Release|Win32
		{1836F603-C8E7-40E2-8D60-65C41896F7B4}.Release|x86.Build.0 = Release|Win32
		{7EF46CB7-D40F-4D0C-93F5-B79CB6526A6F}.Debug|x64.ActiveCfg = Debug|x64
		{7EF46CB7-D40F-4D0C-93F5-B79CB6526A6F}.Debug|x64.Build.0 = Debug|x64
		{7EF46CB7-D40F-4D0C-93F5-B79CB6526A6F}.Debug|x86.ActiveCfg = Debug|Win32
		{7EF46CB7-D40F-4D0C-93F5-B79CB6526A6F}.Debug|x86.Build.0 = Debug|Win32
		{7EF46CB7-D40F-4D0C-93F5-B79CB6526A6F}.Release|x64.ActiveCfg = Release|x64
		{7EF46CB7-D40F-4D0C-93F5-B79CB6526A6F}.Release|x64.Build.0 = Release|x64
		{7EF46CB7-D40F-4D0C-93F5-B79CB6526A6F}.Release|x86.ActiveCfg = Release|Win32
		{7EF46CB7-D40F-4D0C-93F5-B79CB6526A6F}.Release|x86.Build.0 = Release|Win32
		{0177D703-3806-4DA7-AA5B-57F43988DF85}.Debug|x64.ActiveCfg = Debug|x64
		{0177D703-3806-4DA7-AA5B-57F43988DF85}.Debug|x64.Build.0 = Debug|x64
		{0177D703-3806-4DA7-AA5B-57F43988DF85}.Debug|x86.ActiveCfg = Debug|Win32
		{0177D703-3806-4DA7-AA5B-57F43988DF85}.Debug|x86.Build.0 = Debug|Win32
		{0177D703-3806-4DA7-AA5B-57F43988DF85}.Release|x64.ActiveCfg = Release|x64
		{0177D703-3806-4DA7-AA5B-57F43988DF85}.Release|x64.Build.0 = Release|x64
		{0177D703-3806-4DA7-AA5B-57F43988DF85}.Release|x86.ActiveCfg = Release|Win32
		{0177D703-3806-4DA7-AA5B-57F43988DF85}.Release|x86.Build.0 = Release|Win32
		{B2260116-FB61-4169-B7F7-F9FE4C43E6F2}.Debug|x64.ActiveCfg = Debug|x64
		{B2260116-FB61-4169-B7F7-F9FE4C43E6F2}.Debug|x64.Build.0 = Debug|x64
		{B2260116-FB61-4169-B7F7-F9FE4C43E6F2}.Debug|x86.ActiveCfg = Debug|Win32
		{B2260116-FB61-4169-B7F7-F9FE4C43E6F2}.Debug|x86.Build.0 = Debug|Win32
		{B2260116-FB61-4169-B7F7-F9FE4C43E6F2}.Release|x64.ActiveCfg = Release|x64
		{B2260116-FB61-4169-B7F7-F9FE4C43E6F2}.Release|x64.Build.0 = Release|x64
		{B2260116-FB61-4169-B7F7-F9FE4C43E6F2}.Release|x86.ActiveCfg = Release|Win32
		{B2260116-FB61-4169-B7F7-F9FE4C43E6F2}.Release|x86.Build.0 = Release|Win32
		{2AE1608C-0A46-4E5C-BDBB-3A171529958C}.Debug|x64.ActiveCfg = Debug|x64
		{2AE1608C-0A46-4E5C-BDBB-3A171529958C}.Debug|x64.Build.0 = Debug|x64
		{2AE1608C-0A46-4E5C-BDBB-3A171529958C}.Debug|x86.ActiveCfg = Debug|Win32
		{2AE1608C-0A46-4E5C-BDBB-3A171529958C}.Debug|x86.Build.0 = Debug|Win32
		{2AE1608C-0A46-4E5C-BDBB-3A171529958C}.Release|x64.ActiveCfg = Release|x64
		{2AE1608C-0A46-4E5C-BDBB-3A171529958C}.Release|x64.Build.0 = Release|x64
		{2AE1608C-0A46-4E5C-BDBB-3A171529958C}.Release|x86.ActiveCfg = Release|Win32
		{2AE1608C-0A46-4E5C-BDBB-3A171529958C}.Release|x86.Build.0 = Release|Win32
		{10F0E763-4242-4818-A2AA-D14B150770A3}.Debug|x64.ActiveCfg = Debug|x64
		{10F0E763-4242-4818-A2AA-D14B150770A3}.Debug|x64.Build.0 = Debug|x64
		{10F0E763-4242-4818-A2AA-D14B150770A3}.Debug|x86.ActiveCfg = Debug|Win32
		{10F0E763-4242-4818-A2AA-D14B150770A3}.Debug|x86.Build.0 = Debug|Win32
		{10F0E763-4242-4818-A2AA-D14B150770A3}.Release|x64.ActiveCfg = Release|x64
		{10F0E763-4242-4818-A2AA-D14B150770A3}.Release|x64.Build.0 = Release|x64
		{10F0E763-4242-4818-A2AA-D14B150770A3}.Release|x86.ActiveCfg = Release|Win32
		{10F0E763-4242-4818-A2AA-D14B150770A3}.Release|x86.Build.0 = Release|Win32
		{183ACBF9-1FD6-4C03-87CF-8556A30D6C22}.Debug|x64.ActiveCfg = Debug|x64
		{183ACBF9-1FD6-4C03-87CF-8556A30D6C22}.Debug|x64.Build.0 = Debug|x64
		{183ACBF9-1FD6-4C03-87CF-8556A30D6C22}.Debug|x86.ActiveCfg = Debug|Win32
		{183ACBF9-1FD6-4C03-87CF-8556A30D6C22}.Debug|x86.Build.0 = Debug|Win32
		{183ACBF9-1FD6-4C03-87CF-8556A30D6C22}.Release|x64.ActiveCfg = Release|x64
		{183ACBF9-1FD6-4C03-87CF-8556A30D6C22}.Release|x64.Build.0 = Release|x64
		{183ACBF9-1FD6-4C03-87CF-8556A30D6C22}.Release|x86.ActiveCfg = Release|Win32
		{183ACBF9-1FD6-4C03-87CF-8556A30D6C22}.Release|x86.Build.0 = Release|Win32
		{E5DFC778-E657-4469-8230-4644627A26C7}.Debug|x64.ActiveCfg = Debug|x64
		{E5DFC778-E657-4469-8230-4644627A26C7}.Debug|x64.Build.0 = Debug|x64
		{E5DFC778-E657-4469-8230-4644627A26C7}.Debug|x86.ActiveCfg = Debug|Win32
		{E5DFC778-E657-4469-8230-4644627A26C7}.Debug|x86.Build.0 = Debug|Win32
		{E5DFC778-E657-4469-8230-4644627A26C7}.Release|x64.ActiveCfg = Release|x64
		{E5DFC778-E657-4469-8230-4644627A26C7}.Release|x64.Build.0 = Release|x64
		{E5DFC778-E657-4469-8230-4644627A26C7}.Release|x86.ActiveCfg = Release|Win32
		{E5DFC778-E657-4469-8230-4644627A26C7}.Release|x86.Build.0 = Release|Win32
		{AC294C62-440E-463B-A5B7-3846CF0BB54E}.Debug|x64.ActiveCfg = Debug|x64
		{AC294C62-440E-463B-A5B7-3846CF0BB54E}.Debug|x64.Build.0 = Debug|x64
		{AC294C62-440E-463B-A5B7-3846CF0BB54E}.Debug|x86.ActiveCfg = Debug|Win32
		{AC294C62-440E-463B-A5B7-3846CF0BB54E}.Debug|x86.Build.0 = Debug|Win32
		{AC294C62-440E-463B-A5B7-3846CF0BB54E}.Release|x64.ActiveCfg = Release|x64
		{AC294C62-440E-463B-A5B7-3846CF0BB54E}.Release|x64.Build.0 = Release|x64
		{AC294C62-440E-463B-A5B7-3846CF0BB54E}.Release|x86.ActiveCfg = Release|Win32
		{AC294C62-440E-463B-A5B7-3846CF0BB54E}.Release|x86.Build.0 = Release|Win32
	EndGlobalSection
	GlobalSection(SolutionProperties) = preSolution
		HideSolutionNode = FALSE
	EndGlobalSection
	GlobalSection(ExtensibilityGlobals) = postSolution
		SolutionGuid = {12CA084A-7D30-44B3-BDC1-B8EC8454AB3C}
	EndGlobalSection
EndGlobal
